
Microsoft Visual Studio Solution File, Format Version 12.00
# Visual Studio Version 17
VisualStudioVersion = 17.11.35219.272
MinimumVisualStudioVersion = 10.0.40219.1
Project("{9A19103F-16F7-4668-BE54-9A1E7A4F7556}") = "My Project", "My Project\My Project.csproj", "{26ADE79F-4825-48AC-AF27-EF5B936E52A4}"
EndProject
Project("{9A19103F-16F7-4668-BE54-9A1E7A4F7556}") = "DAL", "DAL\DAL.csproj", "{6FCB7076-0C0D-4AFF-8BD8-E7041DC4DA8D}"
EndProject
Project("{FAE04EC0-301F-11D3-BF4B-00C04F79EFBC}") = "BLL", "BLL\BLL.csproj", "{59851A1D-FA89-44E4-A1C7-28662F144AC3}"
EndProject
Global
	GlobalSection(SolutionConfigurationPlatforms) = preSolution
		Debug|Any CPU = Debug|Any CPU
		Release|Any CPU = Release|Any CPU
	EndGlobalSection
	GlobalSection(ProjectConfigurationPlatforms) = postSolution
		{26ADE79F-4825-48AC-AF27-EF5B936E52A4}.Debug|Any CPU.ActiveCfg = Debug|Any CPU
		{26ADE79F-4825-48AC-AF27-EF5B936E52A4}.Debug|Any CPU.Build.0 = Debug|Any CPU
		{26ADE79F-4825-48AC-AF27-EF5B936E52A4}.Release|Any CPU.ActiveCfg = Release|Any CPU
		{26ADE79F-4825-48AC-AF27-EF5B936E52A4}.Release|Any CPU.Build.0 = Release|Any CPU
		{6FCB7076-0C0D-4AFF-8BD8-E7041DC4DA8D}.Debug|Any CPU.ActiveCfg = Debug|Any CPU
		{6FCB7076-0C0D-4AFF-8BD8-E7041DC4DA8D}.Debug|Any CPU.Build.0 = Debug|Any CPU
		{6FCB7076-0C0D-4AFF-8BD8-E7041DC4DA8D}.Release|Any CPU.ActiveCfg = Release|Any CPU
		{6FCB7076-0C0D-4AFF-8BD8-E7041DC4DA8D}.Release|Any CPU.Build.0 = Release|Any CPU
		{59851A1D-FA89-44E4-A1C7-28662F144AC3}.Debug|Any CPU.ActiveCfg = Debug|Any CPU
		{59851A1D-FA89-44E4-A1C7-28662F144AC3}.Debug|Any CPU.Build.0 = Debug|Any CPU
		{59851A1D-FA89-44E4-A1C7-28662F144AC3}.Release|Any CPU.ActiveCfg = Release|Any CPU
		{59851A1D-FA89-44E4-A1C7-28662F144AC3}.Release|Any CPU.Build.0 = Release|Any CPU
	EndGlobalSection
	GlobalSection(SolutionProperties) = preSolution
		HideSolutionNode = FALSE
	EndGlobalSection
	GlobalSection(ExtensibilityGlobals) = postSolution
		SolutionGuid = {25542FCC-1CE3-4D70-B851-0287FCFC93DA}
	EndGlobalSection
EndGlobal
